
Microsoft Visual Studio Solution File, Format Version 12.00
# Visual Studio Version 17
VisualStudioVersion = 17.4.33213.308
MinimumVisualStudioVersion = 10.0.40219.1
Project("{FAE04EC0-301F-11D3-BF4B-00C04F79EFBC}") = "Bitmap2PngConvertor", "Bitmap2PngConvertor.csproj", "{901CC708-15D8-40EA-9099-C82FE38FDAAD}"
EndProject
Global
	GlobalSection(SolutionConfigurationPlatforms) = preSolution
		Debug|Any CPU = Debug|Any CPU
		Release|Any CPU = Release|Any CPU
	EndGlobalSection
	GlobalSection(ProjectConfigurationPlatforms) = postSolution
		{901CC708-15D8-40EA-9099-C82FE38FDAAD}.Debug|Any CPU.ActiveCfg = Debug|Any CPU
		{901CC708-15D8-40EA-9099-C82FE38FDAAD}.Debug|Any CPU.Build.0 = Debug|Any CPU
		{901CC708-15D8-40EA-9099-C82FE38FDAAD}.Release|Any CPU.ActiveCfg = Release|Any CPU
		{901CC708-15D8-40EA-9099-C82FE38FDAAD}.Release|Any CPU.Build.0 = Release|Any CPU
	EndGlobalSection
	GlobalSection(SolutionProperties) = preSolution
		HideSolutionNode = FALSE
	EndGlobalSection
	GlobalSection(ExtensibilityGlobals) = postSolution
		SolutionGuid = {C76E88FD-BC44-406B-9E8B-2F19B150EBF2}
	EndGlobalSection
EndGlobal
